github.com/makuc/diploma v0.0.0-20181120131736-edf9e07224be h1:wZ7qGteFx5bs3yW7obwdXFEG9N86CWXRcbXKxdPVMCo=
github.com/makuc/diploma/modules/mytest v0.0.0-20181120131736-edf9e07224be h1:NHUXkaO3Ks+y5+hYzHWYgyKaWQoPkrkbr5Ai3vni6eo=
github.com/makuc/diploma/modules/mytest v0.0.0-20181120131736-edf9e07224be/go.mod h1:7plVhIhUIxpPIa//jEXx0u7XjtTmD/iLLvISaoBN2lA=
